
Microsoft Visual Studio Solution File, Format Version 12.00
# Visual Studio 15
VisualStudioVersion = 15.0.28010.2046
MinimumVisualStudioVersion = 10.0.40219.1
Project("{FAE04EC0-301F-11D3-BF4B-00C04F79EFBC}") = "WpfMokup2", "WpfMokup2\WpfMokup2.csproj", "{8F1BE4C1-4C13-4BDB-965D-BB60A72B474D}"
EndProject
Global
	GlobalSection(SolutionConfigurationPlatforms) = preSolution
		Debug|Any CPU = Debug|Any CPU
		Release|Any CPU = Release|Any CPU
	EndGlobalSection
	GlobalSection(ProjectConfigurationPlatforms) = postSolution
		{8F1BE4C1-4C13-4BDB-965D-BB60A72B474D}.Debug|Any CPU.ActiveCfg = Debug|Any CPU
		{8F1BE4C1-4C13-4BDB-965D-BB60A72B474D}.Debug|Any CPU.Build.0 = Debug|Any CPU
		{8F1BE4C1-4C13-4BDB-965D-BB60A72B474D}.Release|Any CPU.ActiveCfg = Release|Any CPU
		{8F1BE4C1-4C13-4BDB-965D-BB60A72B474D}.Release|Any CPU.Build.0 = Release|Any CPU
	EndGlobalSection
	GlobalSection(SolutionProperties) = preSolution
		HideSolutionNode = FALSE
	EndGlobalSection
	GlobalSection(ExtensibilityGlobals) = postSolution
		SolutionGuid = {43B9F2C2-4EE5-408A-BBD2-F18DC241AB07}
	EndGlobalSection
EndGlobal
